{
  "lockfile_version": "1",
  "packages": {
    "bun@latest": {
      "last_modified": "2025-07-08T04:39:49Z",
      "resolved": "github:NixOS/nixpkgs/9b008d60392981ad674e04016d25619281550a9d#bun",
      "source": "devbox-search",
      "version": "1.2.18",
      "systems": {
        "aarch64-darwin": {
          "outputs": [
            {
              "name": "out",
              "path": "/nix/store/slfskkp9cz1ljh541rmdbhhm8gislh1r-bun-1.2.18",
              "default": true
            }
          ],
          "store_path": "/nix/store/slfskkp9cz1ljh541rmdbhhm8gislh1r-bun-1.2.18"
        },
        "aarch64-linux": {
          "outputs": [
            {
              "name": "out",
              "path": "/nix/store/m9k5c1qlr0snn4plyi1akh5ijcl0d7lb-bun-1.2.18",
              "default": true
            }
          ],
          "store_path": "/nix/store/m9k5c1qlr0snn4plyi1akh5ijcl0d7lb-bun-1.2.18"
        },
        "x86_64-darwin": {
          "outputs": [
            {
              "name": "out",
              "path": "/nix/store/8zl7kqf0kry6m8imrr5xs56rkyh45svk-bun-1.2.18",
              "default": true
            }
          ],
          "store_path": "/nix/store/8zl7kqf0kry6m8imrr5xs56rkyh45svk-bun-1.2.18"
        },
        "x86_64-linux": {
          "outputs": [
            {
              "name": "out",
              "path": "/nix/store/k088fsmj70ywj5vix7x7kjz87yq012cn-bun-1.2.18",
              "default": true
            }
          ],
          "store_path": "/nix/store/k088fsmj70ywj5vix7x7kjz87yq012cn-bun-1.2.18"
        }
      }
    },
    "github:NixOS/nixpkgs/nixpkgs-unstable": {
      "last_modified": "2025-07-08T04:39:49Z",
      "resolved": "github:NixOS/nixpkgs/9b008d60392981ad674e04016d25619281550a9d?lastModified=1751949589&narHash=sha256-mgFxAPLWw0Kq%2BC8P3dRrZrOYEQXOtKuYVlo9xvPntt8%3D"
    },
    "libiconv@latest": {
      "last_modified": "2025-06-20T02:24:11Z",
      "resolved": "github:NixOS/nixpkgs/076e8c6678d8c54204abcb4b1b14c366835a58bb#libiconv",
      "source": "devbox-search",
      "version": "109",
      "systems": {
        "aarch64-darwin": {
          "outputs": [
            {
              "name": "out",
              "path": "/nix/store/vh87hyvf719ma4nv00blnx4sxm4wd58g-libiconv-109",
              "default": true
            },
            {
              "name": "dev",
              "path": "/nix/store/6sshh5ajg1wxsvqyk2xmz0pcl4ygy0jj-libiconv-109-dev"
            }
          ],
          "store_path": "/nix/store/vh87hyvf719ma4nv00blnx4sxm4wd58g-libiconv-109"
        },
        "x86_64-darwin": {
          "outputs": [
            {
              "name": "out",
              "path": "/nix/store/kjw10j3vv528lmps6l66kc97fxhg5hfy-libiconv-109",
              "default": true
            },
            {
              "name": "dev",
              "path": "/nix/store/x0yjgp489ix9ajad7rk3pb3v1bd2czr7-libiconv-109-dev"
            }
          ],
          "store_path": "/nix/store/kjw10j3vv528lmps6l66kc97fxhg5hfy-libiconv-109"
        }
      }
    },
    "rustup@latest": {
      "last_modified": "2025-06-20T02:24:11Z",
      "plugin_version": "0.0.1",
      "resolved": "github:NixOS/nixpkgs/076e8c6678d8c54204abcb4b1b14c366835a58bb#rustup",
      "source": "devbox-search",
      "version": "1.28.2",
      "systems": {
        "aarch64-darwin": {
          "outputs": [
            {
              "name": "out",
              "path": "/nix/store/nb1gl6mqgf2hi7pllaphz83dykxc3b1m-rustup-1.28.2",
              "default": true
            }
          ],
          "store_path": "/nix/store/nb1gl6mqgf2hi7pllaphz83dykxc3b1m-rustup-1.28.2"
        },
        "aarch64-linux": {
          "outputs": [
            {
              "name": "out",
              "path": "/nix/store/a182w5lyjl5rcx0y7j2vclh1bhnw2nks-rustup-1.28.2",
              "default": true
            }
          ],
          "store_path": "/nix/store/a182w5lyjl5rcx0y7j2vclh1bhnw2nks-rustup-1.28.2"
        },
        "x86_64-darwin": {
          "outputs": [
            {
              "name": "out",
              "path": "/nix/store/25yizxrzz607kydwz9cvs8nbn5iihpzb-rustup-1.28.2",
              "default": true
            }
          ],
          "store_path": "/nix/store/25yizxrzz607kydwz9cvs8nbn5iihpzb-rustup-1.28.2"
        },
        "x86_64-linux": {
          "outputs": [
            {
              "name": "out",
              "path": "/nix/store/6pmry62nspd354vnj3kdbwlr7lfdd8r4-rustup-1.28.2",
              "default": true
            }
          ],
          "store_path": "/nix/store/6pmry62nspd354vnj3kdbwlr7lfdd8r4-rustup-1.28.2"
        }
      }
    },
    "wasm-pack@latest": {
      "last_modified": "2025-06-20T02:24:11Z",
      "resolved": "github:NixOS/nixpkgs/076e8c6678d8c54204abcb4b1b14c366835a58bb#wasm-pack",
      "source": "devbox-search",
      "version": "0.13.1",
      "systems": {
        "aarch64-darwin": {
          "outputs": [
            {
              "name": "out",
              "path": "/nix/store/mwnwy5hck39j809h4qyih4y4lbz378jn-wasm-pack-0.13.1",
              "default": true
            }
          ],
          "store_path": "/nix/store/mwnwy5hck39j809h4qyih4y4lbz378jn-wasm-pack-0.13.1"
        },
        "aarch64-linux": {
          "outputs": [
            {
              "name": "out",
              "path": "/nix/store/cjrw3nnhh51zh06xxaa5dd4dj51jxi3g-wasm-pack-0.13.1",
              "default": true
            }
          ],
          "store_path": "/nix/store/cjrw3nnhh51zh06xxaa5dd4dj51jxi3g-wasm-pack-0.13.1"
        },
        "x86_64-darwin": {
          "outputs": [
            {
              "name": "out",
              "path": "/nix/store/cxlfnh7brqwx93604g197lqb4rdanv2m-wasm-pack-0.13.1",
              "default": true
            }
          ],
          "store_path": "/nix/store/cxlfnh7brqwx93604g197lqb4rdanv2m-wasm-pack-0.13.1"
        },
        "x86_64-linux": {
          "outputs": [
            {
              "name": "out",
              "path": "/nix/store/grzj9129j74yksc7sxq46b59gm1qhr2z-wasm-pack-0.13.1",
              "default": true
            }
          ],
          "store_path": "/nix/store/grzj9129j74yksc7sxq46b59gm1qhr2z-wasm-pack-0.13.1"
        }
      }
    }
  }
}
