{
  "lockfile_version": "1",
  "packages": {
    "bun@latest": {
      "last_modified": "2025-07-24T15:00:16Z",
      "resolved": "github:NixOS/nixpkgs/b74a30dbc0a72e20df07d43109339f780b439291#bun",
      "source": "devbox-search",
      "version": "1.2.19",
      "systems": {
        "aarch64-darwin": {
          "outputs": [
            {
              "name": "out",
              "path": "/nix/store/xi538cxm2gd6k0srwnxvx380ymc78gaa-bun-1.2.19",
              "default": true
            }
          ],
          "store_path": "/nix/store/xi538cxm2gd6k0srwnxvx380ymc78gaa-bun-1.2.19"
        },
        "aarch64-linux": {
          "outputs": [
            {
              "name": "out",
              "path": "/nix/store/ayqrpbrc7r6868iflb71rmjzgwr1f2pg-bun-1.2.19",
              "default": true
            }
          ],
          "store_path": "/nix/store/ayqrpbrc7r6868iflb71rmjzgwr1f2pg-bun-1.2.19"
        },
        "x86_64-darwin": {
          "outputs": [
            {
              "name": "out",
              "path": "/nix/store/3csvln9p016hvis7rpmmcgv33ikz5n8s-bun-1.2.19",
              "default": true
            }
          ],
          "store_path": "/nix/store/3csvln9p016hvis7rpmmcgv33ikz5n8s-bun-1.2.19"
        },
        "x86_64-linux": {
          "outputs": [
            {
              "name": "out",
              "path": "/nix/store/bb93vc9drgyg8gs121knnwr160aynl1w-bun-1.2.19",
              "default": true
            }
          ],
          "store_path": "/nix/store/bb93vc9drgyg8gs121knnwr160aynl1w-bun-1.2.19"
        }
      }
    },
    "github:NixOS/nixpkgs/nixpkgs-unstable": {
      "last_modified": "2025-07-08T04:39:49Z",
      "resolved": "github:NixOS/nixpkgs/9b008d60392981ad674e04016d25619281550a9d?lastModified=1751949589&narHash=sha256-mgFxAPLWw0Kq%2BC8P3dRrZrOYEQXOtKuYVlo9xvPntt8%3D"
    },
    "nodejs_18@latest": {
      "last_modified": "2025-04-17T05:47:26Z",
      "plugin_version": "0.0.2",
      "resolved": "github:NixOS/nixpkgs/ebe4301cbd8f81c4f8d3244b3632338bbeb6d49c#nodejs_18",
      "source": "devbox-search",
      "version": "18.20.8",
      "systems": {
        "aarch64-darwin": {
          "outputs": [
            {
              "name": "out",
              "path": "/nix/store/73cc4bwqdn6pm3jj33yj5r2kwd0l755g-nodejs-18.20.8",
              "default": true
            },
            {
              "name": "dev",
              "path": "/nix/store/h4zmsb8h1lan5nfhsqllcjv8lh535m72-nodejs-18.20.8-dev"
            },
            {
              "name": "libv8",
              "path": "/nix/store/pplb0ibvjw0wjb8690f2ldj9kx2ifhdx-nodejs-18.20.8-libv8"
            }
          ],
          "store_path": "/nix/store/73cc4bwqdn6pm3jj33yj5r2kwd0l755g-nodejs-18.20.8"
        },
        "aarch64-linux": {
          "outputs": [
            {
              "name": "out",
              "path": "/nix/store/fkdigjnf5xaa0xg0y95xzylmglyvkk0a-nodejs-18.20.8",
              "default": true
            },
            {
              "name": "dev",
              "path": "/nix/store/22qpcyra5nbjhz5kfgb5ssnc0vvccvsy-nodejs-18.20.8-dev"
            },
            {
              "name": "libv8",
              "path": "/nix/store/l2w31asaqkqxi83q5vafpgq3xrqgq455-nodejs-18.20.8-libv8"
            }
          ],
          "store_path": "/nix/store/fkdigjnf5xaa0xg0y95xzylmglyvkk0a-nodejs-18.20.8"
        },
        "x86_64-darwin": {
          "outputs": [
            {
              "name": "out",
              "path": "/nix/store/ggvlfwnxvd0vynm8g572vnhia42nk347-nodejs-18.20.8",
              "default": true
            },
            {
              "name": "libv8",
              "path": "/nix/store/x86dr8x9xn0x2bxdk2231csaaxjh4lb3-nodejs-18.20.8-libv8"
            },
            {
              "name": "dev",
              "path": "/nix/store/0b7c4rbb38m6g9q0vcfczx3kbm3z7fns-nodejs-18.20.8-dev"
            }
          ],
          "store_path": "/nix/store/ggvlfwnxvd0vynm8g572vnhia42nk347-nodejs-18.20.8"
        },
        "x86_64-linux": {
          "outputs": [
            {
              "name": "out",
              "path": "/nix/store/0110yhlgniwfpy4iarjgnfqcvn6zhs37-nodejs-18.20.8",
              "default": true
            },
            {
              "name": "libv8",
              "path": "/nix/store/djyml6gzfhz511amx5d2mqy50p9hd2gz-nodejs-18.20.8-libv8"
            },
            {
              "name": "dev",
              "path": "/nix/store/9h65bm05d96j55ifsbb8w14r6f05c7kr-nodejs-18.20.8-dev"
            }
          ],
          "store_path": "/nix/store/0110yhlgniwfpy4iarjgnfqcvn6zhs37-nodejs-18.20.8"
        }
      }
    },
    "rustup@latest": {
      "last_modified": "2025-07-13T22:45:35Z",
      "plugin_version": "0.0.1",
      "resolved": "github:NixOS/nixpkgs/a421ac6595024edcfbb1ef950a3712b89161c359#rustup",
      "source": "devbox-search",
      "version": "1.28.2",
      "systems": {
        "aarch64-darwin": {
          "outputs": [
            {
              "name": "out",
              "path": "/nix/store/cm002v6ahmbvg813mawx1jfyshyc6kvz-rustup-1.28.2",
              "default": true
            }
          ],
          "store_path": "/nix/store/cm002v6ahmbvg813mawx1jfyshyc6kvz-rustup-1.28.2"
        },
        "aarch64-linux": {
          "outputs": [
            {
              "name": "out",
              "path": "/nix/store/vdgmci02cp2wqqp3l7mnv5s4xmzlmcia-rustup-1.28.2",
              "default": true
            }
          ],
          "store_path": "/nix/store/vdgmci02cp2wqqp3l7mnv5s4xmzlmcia-rustup-1.28.2"
        },
        "x86_64-darwin": {
          "outputs": [
            {
              "name": "out",
              "path": "/nix/store/swyqkqsn1ky5g1a4wpw1rc4wn1kplsg7-rustup-1.28.2",
              "default": true
            }
          ],
          "store_path": "/nix/store/swyqkqsn1ky5g1a4wpw1rc4wn1kplsg7-rustup-1.28.2"
        },
        "x86_64-linux": {
          "outputs": [
            {
              "name": "out",
              "path": "/nix/store/rnf8wb305f8508hnkjgi0i3vy2522b5w-rustup-1.28.2",
              "default": true
            }
          ],
          "store_path": "/nix/store/rnf8wb305f8508hnkjgi0i3vy2522b5w-rustup-1.28.2"
        }
      }
    },
    "wasm-pack@latest": {
      "last_modified": "2025-07-13T22:45:35Z",
      "resolved": "github:NixOS/nixpkgs/a421ac6595024edcfbb1ef950a3712b89161c359#wasm-pack",
      "source": "devbox-search",
      "version": "0.13.1",
      "systems": {
        "aarch64-darwin": {
          "outputs": [
            {
              "name": "out",
              "path": "/nix/store/8bhg12z7znf4wvrzcrzzj42szf8kx8d9-wasm-pack-0.13.1",
              "default": true
            }
          ],
          "store_path": "/nix/store/8bhg12z7znf4wvrzcrzzj42szf8kx8d9-wasm-pack-0.13.1"
        },
        "aarch64-linux": {
          "outputs": [
            {
              "name": "out",
              "path": "/nix/store/xly6i92gpcxvxjickgf2yhkm6c96var4-wasm-pack-0.13.1",
              "default": true
            }
          ],
          "store_path": "/nix/store/xly6i92gpcxvxjickgf2yhkm6c96var4-wasm-pack-0.13.1"
        },
        "x86_64-darwin": {
          "outputs": [
            {
              "name": "out",
              "path": "/nix/store/km28vd8f48npamwlijpzyrs7i7cp8jg3-wasm-pack-0.13.1",
              "default": true
            }
          ],
          "store_path": "/nix/store/km28vd8f48npamwlijpzyrs7i7cp8jg3-wasm-pack-0.13.1"
        },
        "x86_64-linux": {
          "outputs": [
            {
              "name": "out",
              "path": "/nix/store/iiy1dvsax4n5y23mf2hg3r5sjcpnyhd7-wasm-pack-0.13.1",
              "default": true
            }
          ],
          "store_path": "/nix/store/iiy1dvsax4n5y23mf2hg3r5sjcpnyhd7-wasm-pack-0.13.1"
        }
      }
    }
  }
}
